PODS:
  - AMap3DMap (3.3.2)
  - AMapLocation (1.2.2)
  - AMapSearch (3.3.0)
  - CocoaLumberjack (2.2.0):
    - CocoaLumberjack/Default (= 2.2.0)
    - CocoaLumberjack/Extensions (= 2.2.0)
  - CocoaLumberjack/Core (2.2.0)
  - CocoaLumberjack/Default (2.2.0):
    - CocoaLumberjack/Core
  - CocoaLumberjack/Extensions (2.2.0):
    - CocoaLumberjack/Default
  - Masonry (1.0.0)
  - ReactiveCocoa (4.1.0):
    - ReactiveCocoa/UI (= 4.1.0)
    - Result (~> 2.0)
  - ReactiveCocoa/Core (4.1.0):
    - ReactiveCocoa/no-arc
    - Result (~> 2.0)
  - ReactiveCocoa/no-arc (4.1.0):
    - Result (~> 2.0)
  - ReactiveCocoa/UI (4.1.0):
    - ReactiveCocoa/Core
    - Result (~> 2.0)
  - Result (2.0.0)
  - SDWebImage (3.7.5):
    - SDWebImage/Core (= 3.7.5)
  - SDWebImage/Core (3.7.5)

DEPENDENCIES:
  - AMap3DMap
  - AMapLocation
  - AMapSearch
  - CocoaLumberjack
  - Masonry
  - ReactiveCocoa
  - SDWebImage

SPEC CHECKSUMS:
  AMap3DMap: 6315b7489cb60b1c47bb51169b409c20efa5f527
  AMapLocation: 5412fbf0385716d4d481e39a95929057cddc093f
  AMapSearch: cff4faf59c007f7d1f2bae2d7170c3912783981a
  CocoaLumberjack: 17fe8581f84914d5d7e6360f7c70022b173c3ae0
  Masonry: b529bb169217897b6354d4b56b1fada6d475b13d
  ReactiveCocoa: d70004d7a366a7b8e87e60ce2347182c77701949
  Result: 9e75e1111c774c6ac594e14907b15057053a7959
  SDWebImage: 69c6303e3348fba97e03f65d65d4fbc26740f461

COCOAPODS: 0.39.0
